# This file is automatically @generated by Poetry and should not be changed by hand.

[[package]]
name = "colorama"
version = "0.4.6"
description = "Cross-platform colored terminal text."
category = "main"
optional = false
python-versions = "!=3.0.*,!=3.1.*,!=3.2.*,!=3.3.*,!=3.4.*,!=3.5.*,!=3.6.*,>=2.7"
files = [
    {file = "colorama-0.4.6-py2.py3-none-any.whl", hash = "sha256:4f1d9991f5acc0ca119f9d443620b77f9d6b33703e51011c16baf57afb285fc6"},
    {file = "colorama-0.4.6.tar.gz", hash = "sha256:08695f5cb7ed6e0531a20572697297273c47b8cae5a63ffc6d6ed5c201be6e44"},
]

[[package]]
name = "dependency-injector"
version = "4.41.0"
description = "Dependency injection framework for Python"
category = "main"
optional = false
python-versions = "*"
files = [
    {file = "dependency-injector-4.41.0.tar.gz", hash = "sha256:939dfc657104bc3e66b67afd3fb2ebb0850c9a1e73d0d26066f2bbdd8735ff9c"},
    {file = "dependency_injector-4.41.0-cp310-cp310-macosx_10_9_x86_64.whl", hash = "sha256:a2381a251b04244125148298212550750e6e1403e9b2850cc62e0e829d050ad3"},
    {file = "dependency_injector-4.41.0-cp310-cp310-manylinux_2_17_aarch64.manylinux2014_aarch64.whl", hash = "sha256:75280dfa23f7c88e1bf56c3920d58a43516816de6f6ab2a6650bb8a0f27d5c2c"},
    {file = "dependency_injector-4.41.0-cp310-cp310-manylinux_2_17_x86_64.manylinux2014_x86_64.whl", hash = "sha256:63bfba21f8bff654a80e9b9d06dd6c43a442990b73bf89cd471314c11c541ec2"},
    {file = "dependency_injector-4.41.0-cp310-cp310-manylinux_2_5_i686.manylinux1_i686.manylinux_2_17_i686.manylinux2014_i686.whl", hash = "sha256:3535d06416251715b45f8412482b58ec1c6196a4a3baa207f947f0b03a7c4b44"},
    {file = "dependency_injector-4.41.0-cp310-cp310-musllinux_1_1_aarch64.whl", hash = "sha256:d09c08c944a25dabfb454238c1a889acd85102b93ae497de523bf9ab7947b28a"},
    {file = "dependency_injector-4.41.0-cp310-cp310-musllinux_1_1_i686.whl", hash = "sha256:586a0821720b15932addbefb00f7370fbcd5831d6ebbd6494d774b44ff96d23a"},
    {file = "dependency_injector-4.41.0-cp310-cp310-musllinux_1_1_x86_64.whl", hash = "sha256:7fa4970f12a3fc95d8796938b11c41276ad1ff4c447b0e589212eab3fc527a90"},
    {file = "dependency_injector-4.41.0-cp310-cp310-win32.whl", hash = "sha256:d557e40673de984f78dab13ebd68d27fbb2f16d7c4e3b663ea2fa2f9fae6765b"},
    {file = "dependency_injector-4.41.0-cp310-cp310-win_amd64.whl", hash = "sha256:3744c327d18408e74781bd6d8b7738745ee80ef89f2c8daecf9ebd098cb84972"},
    {file = "dependency_injector-4.41.0-cp311-cp311-macosx_10_9_x86_64.whl", hash = "sha256:89c67edffe7007cf33cee79ecbca38f48efcc2add5c280717af434db6c789377"},
    {file = "dependency_injector-4.41.0-cp311-cp311-manylinux_2_17_aarch64.manylinux2014_aarch64.whl", hash = "sha256:786f7aac592e191c9caafc47732161d807bad65c62f260cd84cd73c7e2d67d6d"},
    {file = "dependency_injector-4.41.0-cp311-cp311-manylinux_2_17_x86_64.manylinux2014_x86_64.whl", hash = "sha256:b8b61a15bc46a3aa7b29bd8a7384b650aa3a7ef943491e93c49a0540a0b3dda4"},
    {file = "dependency_injector-4.41.0-cp311-cp311-manylinux_2_5_i686.manylinux1_i686.manylinux_2_17_i686.manylinux2014_i686.whl", hash = "sha256:a4f113e5d4c3070973ad76e5bda7317e500abae6083d78689f0b6e37cf403abf"},
    {file = "dependency_injector-4.41.0-cp311-cp311-musllinux_1_1_aarch64.whl", hash = "sha256:5fa3ed8f0700e47a0e7363f949b4525ffa8277aa1c5b10ca5b41fce4dea61bb9"},
    {file = "dependency_injector-4.41.0-cp311-cp311-musllinux_1_1_i686.whl", hash = "sha256:05e15ea0f2b14c1127e8b0d1597fef13f98845679f63bf670ba12dbfc12a16ef"},
    {file = "dependency_injector-4.41.0-cp311-cp311-musllinux_1_1_x86_64.whl", hash = "sha256:3055b3fc47a0d6e5f27defb4166c0d37543a4967c279549b154afaf506ce6efc"},
    {file = "dependency_injector-4.41.0-cp311-cp311-win32.whl", hash = "sha256:37d5954026e3831663518d78bdf4be9c2dbfea691edcb73c813aa3093aa4363a"},
    {file = "dependency_injector-4.41.0-cp311-cp311-win_amd64.whl", hash = "sha256:f89a507e389b7e4d4892dd9a6f5f4da25849e24f73275478634ac594d621ab3f"},
    {file = "dependency_injector-4.41.0-cp36-cp36m-macosx_10_9_x86_64.whl", hash = "sha256:ac79f3c05747f9724bd56c06985e78331fc6c85eb50f3e3f1a35e0c60f9977e9"},
    {file = "dependency_injector-4.41.0-cp36-cp36m-manylinux_2_17_aarch64.manylinux2014_aarch64.whl", hash = "sha256:75e7a733b372db3144a34020c4233f6b94db2c6342d6d16bc5245b1b941ee2bd"},
    {file = "dependency_injector-4.41.0-cp36-cp36m-manylinux_2_17_x86_64.manylinux2014_x86_64.whl", hash = "sha256:40936d9384363331910abd59dd244158ec3572abf9d37322f15095315ac99893"},
    {file = "dependency_injector-4.41.0-cp36-cp36m-manylinux_2_5_i686.manylinux1_i686.manylinux_2_17_i686.manylinux2014_i686.whl", hash = "sha256:4a31d9d60be4b585585081109480cfb2ef564d3b851cb32a139bf8408411a93a"},
    {file = "dependency_injector-4.41.0-cp36-cp36m-musllinux_1_1_aarch64.whl", hash = "sha256:953bfac819d32dc72b963767589e0ed372e5e9e78b03fb6b89419d0500d34bbe"},
    {file = "dependency_injector-4.41.0-cp36-cp36m-musllinux_1_1_i686.whl", hash = "sha256:8f0090ff14038f17a026ca408a3a0b0e7affb6aa7498b2b59d670f40ac970fbe"},
    {file = "dependency_injector-4.41.0-cp36-cp36m-musllinux_1_1_x86_64.whl", hash = "sha256:6b29abac56ce347d2eb58a560723e1663ee2125cf5cc38866ed92b84319927ec"},
    {file = "dependency_injector-4.41.0-cp36-cp36m-win32.whl", hash = "sha256:059fbb48333148143e8667a5323d162628dfe27c386bd0ed3deeecfc390338bf"},
    {file = "dependency_injector-4.41.0-cp36-cp36m-win_amd64.whl", hash = "sha256:16de2797dcfcc2263b8672bf0751166f7c7b369ca2ff9246ceb67b65f8e1d802"},
    {file = "dependency_injector-4.41.0-cp37-cp37m-macosx_10_9_x86_64.whl", hash = "sha256:c71d30b6708438050675f338edb9a25bea6c258478dbe5ec8405286756a2d347"},
    {file = "dependency_injector-4.41.0-cp37-cp37m-manylinux_2_17_aarch64.manylinux2014_aarch64.whl", hash = "sha256:d283aee588a72072439e6721cb64aa6cba5bc18c576ef0ab28285a6ec7a9d655"},
    {file = "dependency_injector-4.41.0-cp37-cp37m-manylinux_2_17_x86_64.manylinux2014_x86_64.whl", hash = "sha256:bc852da612c7e347f2fcf921df2eca2718697a49f648a28a63db3ab504fd9510"},
    {file = "dependency_injector-4.41.0-cp37-cp37m-manylinux_2_5_i686.manylinux1_i686.manylinux_2_17_i686.manylinux2014_i686.whl", hash = "sha256:02620454ee8101f77a317f3229935ce687480883d72a40858ff4b0c87c935cce"},
    {file = "dependency_injector-4.41.0-cp37-cp37m-musllinux_1_1_aarch64.whl", hash = "sha256:7a92680bea1c260e5c0d2d6cd60b0c913cba76a456a147db5ac047ecfcfcc758"},
    {file = "dependency_injector-4.41.0-cp37-cp37m-musllinux_1_1_i686.whl", hash = "sha256:168334cba3f1cbf55299ef38f0f2e31879115cc767b780c859f7814a52d80abb"},
    {file = "dependency_injector-4.41.0-cp37-cp37m-musllinux_1_1_x86_64.whl", hash = "sha256:48b6886a87b4ceb9b9f78550f77b2a5c7d2ce33bc83efd886556ad468cc9c85a"},
    {file = "dependency_injector-4.41.0-cp37-cp37m-win32.whl", hash = "sha256:87be84084a1b922c4ba15e2e5aa900ee24b78a5467997cb7aec0a1d6cdb4a00b"},
    {file = "dependency_injector-4.41.0-cp37-cp37m-win_amd64.whl", hash = "sha256:8b8cf1c6c56f5c18bdbd9f5e93b52ca29cb4d99606d4056e91f0c761eef496dc"},
    {file = "dependency_injector-4.41.0-cp38-cp38-macosx_10_9_x86_64.whl", hash = "sha256:a8686fa330c83251c75c8238697686f7a0e0f6d40658538089165dc72df9bcff"},
    {file = "dependency_injector-4.41.0-cp38-cp38-manylinux_2_17_aarch64.manylinux2014_aarch64.whl", hash = "sha256:8d670a844268dcd758195e58e9a5b39fc74bb8648aba99a13135a4a10ec9cfac"},
    {file = "dependency_injector-4.41.0-cp38-cp38-manylinux_2_17_x86_64.manylinux2014_x86_64.whl", hash = "sha256:9e3b9d41e0eff4c8e16fea1e33de66ff0030fe51137ca530f3c52ce110447914"},
    {file = "dependency_injector-4.41.0-cp38-cp38-manylinux_2_5_i686.manylinux1_i686.manylinux_2_17_i686.manylinux2014_i686.whl", hash = "sha256:33a724e0a737baadb4378f5dc1b079867cc3a88552fcca719b3dba84716828b2"},
    {file = "dependency_injector-4.41.0-cp38-cp38-musllinux_1_1_aarch64.whl", hash = "sha256:3588bd887b051d16b8bcabaae1127eb14059a0719a8fe34c8a75ba59321b352c"},
    {file = "dependency_injector-4.41.0-cp38-cp38-musllinux_1_1_i686.whl", hash = "sha256:409441122f40e1b4b8582845fdd76deb9dc5c9d6eb74a057b85736ef9e9c671f"},
    {file = "dependency_injector-4.41.0-cp38-cp38-musllinux_1_1_x86_64.whl", hash = "sha256:7dcba8665cafec825b7095d5dd80afb5cf14404450eca3fe8b66e1edbf4dbc10"},
    {file = "dependency_injector-4.41.0-cp38-cp38-win32.whl", hash = "sha256:8b51efeaebacaf79ef68edfc65e9687699ccffb3538c4a3ab30d0d77e2db7189"},
    {file = "dependency_injector-4.41.0-cp38-cp38-win_amd64.whl", hash = "sha256:1662e2ef60ac6e681b9e11b5d8b7c17a0f733688916cf695f9540f8f50a61b1e"},
    {file = "dependency_injector-4.41.0-cp39-cp39-macosx_10_9_x86_64.whl", hash = "sha256:51217cb384b468d7cc355544cec20774859f00812f9a1a71ed7fa701c957b2a7"},
    {file = "dependency_injector-4.41.0-cp39-cp39-manylinux_2_17_aarch64.manylinux2014_aarch64.whl", hash = "sha256:b3890a12423ae3a9eade035093beba487f8d092ee6c6cb8706f4e7080a56e819"},
    {file = "dependency_injector-4.41.0-cp39-cp39-manylinux_2_17_x86_64.manylinux2014_x86_64.whl", hash = "sha256:99ed73b1521bf249e2823a08a730c9f9413a58f4b4290da022e0ad4fb333ba3d"},
    {file = "dependency_injector-4.41.0-cp39-cp39-manylinux_2_5_i686.manylinux1_i686.manylinux_2_17_i686.manylinux2014_i686.whl", hash = "sha256:300838e9d4f3fbf539892a5a4072851728e23b37a1f467afcf393edd994d88f0"},
    {file = "dependency_injector-4.41.0-cp39-cp39-musllinux_1_1_aarch64.whl", hash = "sha256:56d37b9d2f50a18f059d9abdbea7669a7518bd42b81603c21a27910a2b3f1657"},
    {file = "dependency_injector-4.41.0-cp39-cp39-musllinux_1_1_i686.whl", hash = "sha256:4a44ca3ce5867513a70b31855b218be3d251f5068ce1c480cc3a4ad24ffd3280"},
    {file = "dependency_injector-4.41.0-cp39-cp39-musllinux_1_1_x86_64.whl", hash = "sha256:67b369592c57549ccdcad0d5fef1ddb9d39af7fed8083d76e789ab0111fc6389"},
    {file = "dependency_injector-4.41.0-cp39-cp39-win32.whl", hash = "sha256:740a8e8106a04d3f44b52b25b80570fdac96a8a3934423de7c9202c5623e7936"},
    {file = "dependency_injector-4.41.0-cp39-cp39-win_amd64.whl", hash = "sha256:22b11dbf696e184f0b3d5ac4e5418aeac3c379ba4ea758c04a83869b7e5d1cbf"},
    {file = "dependency_injector-4.41.0-pp37-pypy37_pp73-macosx_10_9_x86_64.whl", hash = "sha256:b365a8548e9a49049fa6acb24d3cd939f619eeb8e300ca3e156e44402dcc07ec"},
    {file = "dependency_injector-4.41.0-pp37-pypy37_pp73-manylinux_2_17_aarch64.manylinux2014_aarch64.whl", hash = "sha256:5168dc59808317dc4cdd235aa5d7d556d33e5600156acaf224cead236b48a3e8"},
    {file = "dependency_injector-4.41.0-pp37-pypy37_pp73-manylinux_2_5_i686.manylinux1_i686.manylinux_2_17_i686.manylinux2014_i686.whl", hash = "sha256:e3229d83e99e255451605d5276604386e06ad948e3d60f31ddd796781c77f76f"},
    {file = "dependency_injector-4.41.0-pp37-pypy37_pp73-manylinux_2_5_x86_64.manylinux1_x86_64.manylinux_2_17_x86_64.manylinux2014_x86_64.whl", hash = "sha256:1baee908f21190bdc46a65ce4c417a5175e9397ca62354928694fce218f84487"},
    {file = "dependency_injector-4.41.0-pp37-pypy37_pp73-win_amd64.whl", hash = "sha256:b37f36ecb0c1227f697e1d4a029644e3eda8dd0f0716aa63ad04d96dbb15bbbb"},
    {file = "dependency_injector-4.41.0-pp38-pypy38_pp73-macosx_10_9_x86_64.whl", hash = "sha256:b0c9c966ff66c77364a2d43d08de9968aff7e3903938fe912ba49796b2133344"},
    {file = "dependency_injector-4.41.0-pp38-pypy38_pp73-manylinux_2_17_aarch64.manylinux2014_aarch64.whl", hash = "sha256:12e91ac0333e7e589421943ff6c6bf9cf0d9ac9703301cec37ccff3723406332"},
    {file = "dependency_injector-4.41.0-pp38-pypy38_pp73-manylinux_2_5_i686.manylinux1_i686.manylinux_2_17_i686.manylinux2014_i686.whl", hash = "sha256:b2440b32474d4e747209528ca3ae48f42563b2fbe3d74dbfe949c11dfbfef7c4"},
    {file = "dependency_injector-4.41.0-pp38-pypy38_pp73-manylinux_2_5_x86_64.manylinux1_x86_64.manylinux_2_17_x86_64.manylinux2014_x86_64.whl", hash = "sha256:54032d62610cf2f4421c9d92cef52957215aaa0bca403cda580c58eb3f726eda"},
    {file = "dependency_injector-4.41.0-pp38-pypy38_pp73-win_amd64.whl", hash = "sha256:76b94c8310929e54136f3cb3de3adc86d1a657b3984299f40bf1cd2ba0bae548"},
    {file = "dependency_injector-4.41.0-pp39-pypy39_pp73-macosx_10_9_x86_64.whl", hash = "sha256:6ee9810841c6e0599356cb884d16453bfca6ab739d0e4f0248724ed8f9ee0d79"},
    {file = "dependency_injector-4.41.0-pp39-pypy39_pp73-manylinux_2_17_aarch64.manylinux2014_aarch64.whl", hash = "sha256:6b98945edae88e777091bf0848f869fb94bd76dfa4066d7c870a5caa933391d0"},
    {file = "dependency_injector-4.41.0-pp39-pypy39_pp73-manylinux_2_5_i686.manylinux1_i686.manylinux_2_17_i686.manylinux2014_i686.whl", hash = "sha256:a2dee5d4abdd21f1a30a51d46645c095be9dcc404c7c6e9f81d0a01415a49e64"},
    {file = "dependency_injector-4.41.0-pp39-pypy39_pp73-manylinux_2_5_x86_64.manylinux1_x86_64.manylinux_2_17_x86_64.manylinux2014_x86_64.whl", hash = "sha256:d03f5fa0fa98a18bd0dfce846db80e2798607f0b861f1f99c97f441f7669d7a2"},
    {file = "dependency_injector-4.41.0-pp39-pypy39_pp73-win_amd64.whl", hash = "sha256:f2842e15bae664a9f69932e922b02afa055c91efec959cb1896f6c499bf68180"},
]

[package.dependencies]
six = ">=1.7.0,<=1.16.0"

[package.extras]
aiohttp = ["aiohttp"]
flask = ["flask"]
pydantic = ["pydantic"]
yaml = ["pyyaml"]

[[package]]
name = "loguru"
version = "0.7.0"
description = "Python logging made (stupidly) simple"
category = "main"
optional = false
python-versions = ">=3.5"
files = [
    {file = "loguru-0.7.0-py3-none-any.whl", hash = "sha256:b93aa30099fa6860d4727f1b81f8718e965bb96253fa190fab2077aaad6d15d3"},
    {file = "loguru-0.7.0.tar.gz", hash = "sha256:1612053ced6ae84d7959dd7d5e431a0532642237ec21f7fd83ac73fe539e03e1"},
]

[package.dependencies]
colorama = {version = ">=0.3.4", markers = "sys_platform == \"win32\""}
win32-setctime = {version = ">=1.0.0", markers = "sys_platform == \"win32\""}

[package.extras]
dev = ["Sphinx (==5.3.0)", "colorama (==0.4.5)", "colorama (==0.4.6)", "freezegun (==1.1.0)", "freezegun (==1.2.2)", "mypy (==v0.910)", "mypy (==v0.971)", "mypy (==v0.990)", "pre-commit (==3.2.1)", "pytest (==6.1.2)", "pytest (==7.2.1)", "pytest-cov (==2.12.1)", "pytest-cov (==4.0.0)", "pytest-mypy-plugins (==1.10.1)", "pytest-mypy-plugins (==1.9.3)", "sphinx-autobuild (==2021.3.14)", "sphinx-rtd-theme (==1.2.0)", "tox (==3.27.1)", "tox (==4.4.6)"]

[[package]]
name = "pycryptodome"
version = "3.18.0"
description = "Cryptographic library for Python"
category = "main"
optional = false
python-versions = ">=2.7, !=3.0.*, !=3.1.*, !=3.2.*, !=3.3.*, !=3.4.*"
files = [
    {file = "pycryptodome-3.18.0-cp27-cp27m-macosx_10_9_x86_64.whl", hash = "sha256:d1497a8cd4728db0e0da3c304856cb37c0c4e3d0b36fcbabcc1600f18504fc54"},
    {file = "pycryptodome-3.18.0-cp27-cp27m-manylinux2010_i686.whl", hash = "sha256:928078c530da78ff08e10eb6cada6e0dff386bf3d9fa9871b4bbc9fbc1efe024"},
    {file = "pycryptodome-3.18.0-cp27-cp27m-manylinux2010_x86_64.whl", hash = "sha256:157c9b5ba5e21b375f052ca78152dd309a09ed04703fd3721dce3ff8ecced148"},
    {file = "pycryptodome-3.18.0-cp27-cp27m-manylinux2014_aarch64.whl", hash = "sha256:d20082bdac9218649f6abe0b885927be25a917e29ae0502eaf2b53f1233ce0c2"},
    {file = "pycryptodome-3.18.0-cp27-cp27m-musllinux_1_1_aarch64.whl", hash = "sha256:e8ad74044e5f5d2456c11ed4cfd3e34b8d4898c0cb201c4038fe41458a82ea27"},
    {file = "pycryptodome-3.18.0-cp27-cp27m-win32.whl", hash = "sha256:62a1e8847fabb5213ccde38915563140a5b338f0d0a0d363f996b51e4a6165cf"},
    {file = "pycryptodome-3.18.0-cp27-cp27m-win_amd64.whl", hash = "sha256:16bfd98dbe472c263ed2821284118d899c76968db1a6665ade0c46805e6b29a4"},
    {file = "pycryptodome-3.18.0-cp27-cp27mu-manylinux2010_i686.whl", hash = "sha256:7a3d22c8ee63de22336679e021c7f2386f7fc465477d59675caa0e5706387944"},
    {file = "pycryptodome-3.18.0-cp27-cp27mu-manylinux2010_x86_64.whl", hash = "sha256:78d863476e6bad2a592645072cc489bb90320972115d8995bcfbee2f8b209918"},
    {file = "pycryptodome-3.18.0-cp27-cp27mu-manylinux2014_aarch64.whl", hash = "sha256:b6a610f8bfe67eab980d6236fdc73bfcdae23c9ed5548192bb2d530e8a92780e"},
    {file = "pycryptodome-3.18.0-cp27-cp27mu-musllinux_1_1_aarch64.whl", hash = "sha256:422c89fd8df8a3bee09fb8d52aaa1e996120eafa565437392b781abec2a56e14"},
    {file = "pycryptodome-3.18.0-cp35-abi3-macosx_10_9_universal2.whl", hash = "sha256:9ad6f09f670c466aac94a40798e0e8d1ef2aa04589c29faa5b9b97566611d1d1"},
    {file = "pycryptodome-3.18.0-cp35-abi3-macosx_10_9_x86_64.whl", hash = "sha256:53aee6be8b9b6da25ccd9028caf17dcdce3604f2c7862f5167777b707fbfb6cb"},
    {file = "pycryptodome-3.18.0-cp35-abi3-manylinux2014_aarch64.whl", hash = "sha256:10da29526a2a927c7d64b8f34592f461d92ae55fc97981aab5bbcde8cb465bb6"},
    {file = "pycryptodome-3.18.0-cp35-abi3-manylinux_2_17_x86_64.manylinux2014_x86_64.whl", hash = "sha256:f21efb8438971aa16924790e1c3dba3a33164eb4000106a55baaed522c261acf"},
    {file = "pycryptodome-3.18.0-cp35-abi3-manylinux_2_5_i686.manylinux1_i686.manylinux_2_17_i686.manylinux2014_i686.whl", hash = "sha256:4944defabe2ace4803f99543445c27dd1edbe86d7d4edb87b256476a91e9ffa4"},
    {file = "pycryptodome-3.18.0-cp35-abi3-musllinux_1_1_aarch64.whl", hash = "sha256:51eae079ddb9c5f10376b4131be9589a6554f6fd84f7f655180937f611cd99a2"},
    {file = "pycryptodome-3.18.0-cp35-abi3-musllinux_1_1_i686.whl", hash = "sha256:83c75952dcf4a4cebaa850fa257d7a860644c70a7cd54262c237c9f2be26f76e"},
    {file = "pycryptodome-3.18.0-cp35-abi3-musllinux_1_1_x86_64.whl", hash = "sha256:957b221d062d5752716923d14e0926f47670e95fead9d240fa4d4862214b9b2f"},
    {file = "pycryptodome-3.18.0-cp35-abi3-win32.whl", hash = "sha256:795bd1e4258a2c689c0b1f13ce9684fa0dd4c0e08680dcf597cf9516ed6bc0f3"},
    {file = "pycryptodome-3.18.0-cp35-abi3-win_amd64.whl", hash = "sha256:b1d9701d10303eec8d0bd33fa54d44e67b8be74ab449052a8372f12a66f93fb9"},
    {file = "pycryptodome-3.18.0-pp27-pypy_73-manylinux2010_x86_64.whl", hash = "sha256:cb1be4d5af7f355e7d41d36d8eec156ef1382a88638e8032215c215b82a4b8ec"},
    {file = "pycryptodome-3.18.0-pp27-pypy_73-win32.whl", hash = "sha256:fc0a73f4db1e31d4a6d71b672a48f3af458f548059aa05e83022d5f61aac9c08"},
    {file = "pycryptodome-3.18.0-pp38-pypy38_pp73-macosx_10_9_x86_64.whl", hash = "sha256:f022a4fd2a5263a5c483a2bb165f9cb27f2be06f2f477113783efe3fe2ad887b"},
    {file = "pycryptodome-3.18.0-pp38-pypy38_pp73-manylinux_2_17_x86_64.manylinux2014_x86_64.whl", hash = "sha256:363dd6f21f848301c2dcdeb3c8ae5f0dee2286a5e952a0f04954b82076f23825"},
    {file = "pycryptodome-3.18.0-pp38-pypy38_pp73-manylinux_2_5_i686.manylinux1_i686.manylinux_2_17_i686.manylinux2014_i686.whl", hash = "sha256:12600268763e6fec3cefe4c2dcdf79bde08d0b6dc1813887e789e495cb9f3403"},
    {file = "pycryptodome-3.18.0-pp38-pypy38_pp73-win_amd64.whl", hash = "sha256:4604816adebd4faf8810782f137f8426bf45fee97d8427fa8e1e49ea78a52e2c"},
    {file = "pycryptodome-3.18.0-pp39-pypy39_pp73-macosx_10_9_x86_64.whl", hash = "sha256:01489bbdf709d993f3058e2996f8f40fee3f0ea4d995002e5968965fa2fe89fb"},
    {file = "pycryptodome-3.18.0-pp39-pypy39_pp73-manylinux_2_17_x86_64.manylinux2014_x86_64.whl", hash = "sha256:3811e31e1ac3069988f7a1c9ee7331b942e605dfc0f27330a9ea5997e965efb2"},
    {file = "pycryptodome-3.18.0-pp39-pypy39_pp73-manylinux_2_5_i686.manylinux1_i686.manylinux_2_17_i686.manylinux2014_i686.whl", hash = "sha256:6f4b967bb11baea9128ec88c3d02f55a3e338361f5e4934f5240afcb667fdaec"},
    {file = "pycryptodome-3.18.0-pp39-pypy39_pp73-win_amd64.whl", hash = "sha256:9c8eda4f260072f7dbe42f473906c659dcbadd5ae6159dfb49af4da1293ae380"},
    {file = "pycryptodome-3.18.0.tar.gz", hash = "sha256:c9adee653fc882d98956e33ca2c1fb582e23a8af7ac82fee75bd6113c55a0413"},
]

[[package]]
name = "pycryptodomex"
version = "3.18.0"
description = "Cryptographic library for Python"
category = "main"
optional = false
python-versions = ">=2.7, !=3.0.*, !=3.1.*, !=3.2.*, !=3.3.*, !=3.4.*"
files = [
    {file = "pycryptodomex-3.18.0-cp27-cp27m-macosx_10_9_x86_64.whl", hash = "sha256:160a39a708c36fa0b168ab79386dede588e62aec06eb505add870739329aecc6"},
    {file = "pycryptodomex-3.18.0-cp27-cp27m-manylinux2010_i686.whl", hash = "sha256:c2953afebf282a444c51bf4effe751706b4d0d63d7ca2cc51db21f902aa5b84e"},
    {file = "pycryptodomex-3.18.0-cp27-cp27m-manylinux2010_x86_64.whl", hash = "sha256:ba95abd563b0d1b88401658665a260852a8e6c647026ee6a0a65589287681df8"},
    {file = "pycryptodomex-3.18.0-cp27-cp27m-manylinux2014_aarch64.whl", hash = "sha256:192306cf881fe3467dda0e174a4f47bb3a8bb24b90c9cdfbdc248eec5fc0578c"},
    {file = "pycryptodomex-3.18.0-cp27-cp27m-musllinux_1_1_aarch64.whl", hash = "sha256:f9ab5ef0718f6a8716695dea16d83b671b22c45e9c0c78fd807c32c0192e54b5"},
    {file = "pycryptodomex-3.18.0-cp27-cp27m-win32.whl", hash = "sha256:50308fcdbf8345e5ec224a5502b4215178bdb5e95456ead8ab1a69ffd94779cb"},
    {file = "pycryptodomex-3.18.0-cp27-cp27m-win_amd64.whl", hash = "sha256:4d9379c684efea80fdab02a3eb0169372bca7db13f9332cb67483b8dc8b67c37"},
    {file = "pycryptodomex-3.18.0-cp27-cp27mu-manylinux2010_i686.whl", hash = "sha256:5594a125dae30d60e94f37797fc67ce3c744522de7992c7c360d02fdb34918f8"},
    {file = "pycryptodomex-3.18.0-cp27-cp27mu-manylinux2010_x86_64.whl", hash = "sha256:8ff129a5a0eb5ff16e45ca4fa70a6051da7f3de303c33b259063c19be0c43d35"},
    {file = "pycryptodomex-3.18.0-cp27-cp27mu-manylinux2014_aarch64.whl", hash = "sha256:3d9314ac785a5b75d5aaf924c5f21d6ca7e8df442e5cf4f0fefad4f6e284d422"},
    {file = "pycryptodomex-3.18.0-cp27-cp27mu-musllinux_1_1_aarch64.whl", hash = "sha256:f237278836dda412a325e9340ba2e6a84cb0f56b9244781e5b61f10b3905de88"},
    {file = "pycryptodomex-3.18.0-cp35-abi3-macosx_10_9_universal2.whl", hash = "sha256:ac614363a86cc53d8ba44b6c469831d1555947e69ab3276ae8d6edc219f570f7"},
    {file = "pycryptodomex-3.18.0-cp35-abi3-macosx_10_9_x86_64.whl", hash = "sha256:302a8f37c224e7b5d72017d462a2be058e28f7be627bdd854066e16722d0fc0c"},
    {file = "pycryptodomex-3.18.0-cp35-abi3-manylinux2014_aarch64.whl", hash = "sha256:6421d23d6a648e83ba2670a352bcd978542dad86829209f59d17a3f087f4afef"},
    {file = "pycryptodomex-3.18.0-cp35-abi3-manylinux_2_17_x86_64.manylinux2014_x86_64.whl", hash = "sha256:d84e105787f5e5d36ec6a581ff37a1048d12e638688074b2a00bcf402f9aa1c2"},
    {file = "pycryptodomex-3.18.0-cp35-abi3-manylinux_2_5_i686.manylinux1_i686.manylinux_2_17_i686.manylinux2014_i686.whl", hash = "sha256:6875eb8666f68ddbd39097867325bd22771f595b4e2b0149739b5623c8bf899b"},
    {file = "pycryptodomex-3.18.0-cp35-abi3-musllinux_1_1_aarch64.whl", hash = "sha256:27072a494ce621cc7a9096bbf60ed66826bb94db24b49b7359509e7951033e74"},
    {file = "pycryptodomex-3.18.0-cp35-abi3-musllinux_1_1_i686.whl", hash = "sha256:1949e09ea49b09c36d11a951b16ff2a05a0ffe969dda1846e4686ee342fe8646"},
    {file = "pycryptodomex-3.18.0-cp35-abi3-musllinux_1_1_x86_64.whl", hash = "sha256:6ed3606832987018615f68e8ed716a7065c09a0fe94afd7c9ca1b6777f0ac6eb"},
    {file = "pycryptodomex-3.18.0-cp35-abi3-win32.whl", hash = "sha256:d56c9ec41258fd3734db9f5e4d2faeabe48644ba9ca23b18e1839b3bdf093222"},
    {file = "pycryptodomex-3.18.0-cp35-abi3-win_amd64.whl", hash = "sha256:e00a4bacb83a2627e8210cb353a2e31f04befc1155db2976e5e239dd66482278"},
    {file = "pycryptodomex-3.18.0-pp27-pypy_73-manylinux2010_x86_64.whl", hash = "sha256:2dc4eab20f4f04a2d00220fdc9258717b82d31913552e766d5f00282c031b70a"},
    {file = "pycryptodomex-3.18.0-pp27-pypy_73-win32.whl", hash = "sha256:75672205148bdea34669173366df005dbd52be05115e919551ee97171083423d"},
    {file = "pycryptodomex-3.18.0-pp38-pypy38_pp73-macosx_10_9_x86_64.whl", hash = "sha256:bec6c80994d4e7a38312072f89458903b65ec99bed2d65aa4de96d997a53ea7a"},
    {file = "pycryptodomex-3.18.0-pp38-pypy38_pp73-manylinux_2_17_x86_64.manylinux2014_x86_64.whl", hash = "sha256:d35a8ffdc8b05e4b353ba281217c8437f02c57d7233363824e9d794cf753c419"},
    {file = "pycryptodomex-3.18.0-pp38-pypy38_pp73-manylinux_2_5_i686.manylinux1_i686.manylinux_2_17_i686.manylinux2014_i686.whl", hash = "sha256:76f0a46bee539dae4b3dfe37216f678769349576b0080fdbe431d19a02da42ff"},
    {file = "pycryptodomex-3.18.0-pp38-pypy38_pp73-win_amd64.whl", hash = "sha256:71687eed47df7e965f6e0bf3cadef98f368d5221f0fb89d2132effe1a3e6a194"},
    {file = "pycryptodomex-3.18.0-pp39-pypy39_pp73-macosx_10_9_x86_64.whl", hash = "sha256:73d64b32d84cf48d9ec62106aa277dbe99ab5fbfd38c5100bc7bddd3beb569f7"},
    {file = "pycryptodomex-3.18.0-pp39-pypy39_pp73-manylinux_2_17_x86_64.manylinux2014_x86_64.whl", hash = "sha256:bbdcce0a226d9205560a5936b05208c709b01d493ed8307792075dedfaaffa5f"},
    {file = "pycryptodomex-3.18.0-pp39-pypy39_pp73-manylinux_2_5_i686.manylinux1_i686.manylinux_2_17_i686.manylinux2014_i686.whl", hash = "sha256:58fc0aceb9c961b9897facec9da24c6a94c5db04597ec832060f53d4d6a07196"},
    {file = "pycryptodomex-3.18.0-pp39-pypy39_pp73-win_amd64.whl", hash = "sha256:215be2980a6b70704c10796dd7003eb4390e7be138ac6fb8344bf47e71a8d470"},
    {file = "pycryptodomex-3.18.0.tar.gz", hash = "sha256:3e3ecb5fe979e7c1bb0027e518340acf7ee60415d79295e5251d13c68dde576e"},
]

[[package]]
name = "pyyaml"
version = "6.0"
description = "YAML parser and emitter for Python"
category = "main"
optional = false
python-versions = ">=3.6"
files = [
    {file = "PyYAML-6.0-cp310-cp310-macosx_10_9_x86_64.whl", hash = "sha256:d4db7c7aef085872ef65a8fd7d6d09a14ae91f691dec3e87ee5ee0539d516f53"},
    {file = "PyYAML-6.0-cp310-cp310-macosx_11_0_arm64.whl", hash = "sha256:9df7ed3b3d2e0ecfe09e14741b857df43adb5a3ddadc919a2d94fbdf78fea53c"},
    {file = "PyYAML-6.0-cp310-cp310-manylinux_2_17_aarch64.manylinux2014_aarch64.whl", hash = "sha256:77f396e6ef4c73fdc33a9157446466f1cff553d979bd00ecb64385760c6babdc"},
    {file = "PyYAML-6.0-cp310-cp310-manylinux_2_17_s390x.manylinux2014_s390x.whl", hash = "sha256:a80a78046a72361de73f8f395f1f1e49f956c6be882eed58505a15f3e430962b"},
    {file = "PyYAML-6.0-cp310-cp310-manylinux_2_5_x86_64.manylinux1_x86_64.manylinux_2_12_x86_64.manylinux2010_x86_64.whl", hash = "sha256:f84fbc98b019fef2ee9a1cb3ce93e3187a6df0b2538a651bfb890254ba9f90b5"},
    {file = "PyYAML-6.0-cp310-cp310-win32.whl", hash = "sha256:2cd5df3de48857ed0544b34e2d40e9fac445930039f3cfe4bcc592a1f836d513"},
    {file = "PyYAML-6.0-cp310-cp310-win_amd64.whl", hash = "sha256:daf496c58a8c52083df09b80c860005194014c3698698d1a57cbcfa182142a3a"},
    {file = "PyYAML-6.0-cp311-cp311-macosx_10_9_x86_64.whl", hash = "sha256:d4b0ba9512519522b118090257be113b9468d804b19d63c71dbcf4a48fa32358"},
    {file = "PyYAML-6.0-cp311-cp311-macosx_11_0_arm64.whl", hash = "sha256:81957921f441d50af23654aa6c5e5eaf9b06aba7f0a19c18a538dc7ef291c5a1"},
    {file = "PyYAML-6.0-cp311-cp311-manylinux_2_17_aarch64.manylinux2014_aarch64.whl", hash = "sha256:afa17f5bc4d1b10afd4466fd3a44dc0e245382deca5b3c353d8b757f9e3ecb8d"},
    {file = "PyYAML-6.0-cp311-cp311-manylinux_2_17_s390x.manylinux2014_s390x.whl", hash = "sha256:dbad0e9d368bb989f4515da330b88a057617d16b6a8245084f1b05400f24609f"},
    {file = "PyYAML-6.0-cp311-cp311-manylinux_2_17_x86_64.manylinux2014_x86_64.whl", hash = "sha256:432557aa2c09802be39460360ddffd48156e30721f5e8d917f01d31694216782"},
    {file = "PyYAML-6.0-cp311-cp311-win32.whl", hash = "sha256:bfaef573a63ba8923503d27530362590ff4f576c626d86a9fed95822a8255fd7"},
    {file = "PyYAML-6.0-cp311-cp311-win_amd64.whl", hash = "sha256:01b45c0191e6d66c470b6cf1b9531a771a83c1c4208272ead47a3ae4f2f603bf"},
    {file = "PyYAML-6.0-cp36-cp36m-macosx_10_9_x86_64.whl", hash = "sha256:897b80890765f037df3403d22bab41627ca8811ae55e9a722fd0392850ec4d86"},
    {file = "PyYAML-6.0-cp36-cp36m-manylinux_2_17_aarch64.manylinux2014_aarch64.whl", hash = "sha256:50602afada6d6cbfad699b0c7bb50d5ccffa7e46a3d738092afddc1f9758427f"},
    {file = "PyYAML-6.0-cp36-cp36m-manylinux_2_17_s390x.manylinux2014_s390x.whl", hash = "sha256:48c346915c114f5fdb3ead70312bd042a953a8ce5c7106d5bfb1a5254e47da92"},
    {file = "PyYAML-6.0-cp36-cp36m-manylinux_2_5_x86_64.manylinux1_x86_64.manylinux_2_12_x86_64.manylinux2010_x86_64.whl", hash = "sha256:98c4d36e99714e55cfbaaee6dd5badbc9a1ec339ebfc3b1f52e293aee6bb71a4"},
    {file = "PyYAML-6.0-cp36-cp36m-win32.whl", hash = "sha256:0283c35a6a9fbf047493e3a0ce8d79ef5030852c51e9d911a27badfde0605293"},
    {file = "PyYAML-6.0-cp36-cp36m-win_amd64.whl", hash = "sha256:07751360502caac1c067a8132d150cf3d61339af5691fe9e87803040dbc5db57"},
    {file = "PyYAML-6.0-cp37-cp37m-macosx_10_9_x86_64.whl", hash = "sha256:819b3830a1543db06c4d4b865e70ded25be52a2e0631ccd2f6a47a2822f2fd7c"},
    {file = "PyYAML-6.0-cp37-cp37m-manylinux_2_17_aarch64.manylinux2014_aarch64.whl", hash = "sha256:473f9edb243cb1935ab5a084eb238d842fb8f404ed2193a915d1784b5a6b5fc0"},
    {file = "PyYAML-6.0-cp37-cp37m-manylinux_2_17_s390x.manylinux2014_s390x.whl", hash = "sha256:0ce82d761c532fe4ec3f87fc45688bdd3a4c1dc5e0b4a19814b9009a29baefd4"},
    {file = "PyYAML-6.0-cp37-cp37m-manylinux_2_5_x86_64.manylinux1_x86_64.manylinux_2_12_x86_64.manylinux2010_x86_64.whl", hash = "sha256:231710d57adfd809ef5d34183b8ed1eeae3f76459c18fb4a0b373ad56bedcdd9"},
    {file = "PyYAML-6.0-cp37-cp37m-win32.whl", hash = "sha256:c5687b8d43cf58545ade1fe3e055f70eac7a5a1a0bf42824308d868289a95737"},
    {file = "PyYAML-6.0-cp37-cp37m-win_amd64.whl", hash = "sha256:d15a181d1ecd0d4270dc32edb46f7cb7733c7c508857278d3d378d14d606db2d"},
    {file = "PyYAML-6.0-cp38-cp38-macosx_10_9_x86_64.whl", hash = "sha256:0b4624f379dab24d3725ffde76559cff63d9ec94e1736b556dacdfebe5ab6d4b"},
    {file = "PyYAML-6.0-cp38-cp38-manylinux_2_17_aarch64.manylinux2014_aarch64.whl", hash = "sha256:213c60cd50106436cc818accf5baa1aba61c0189ff610f64f4a3e8c6726218ba"},
    {file = "PyYAML-6.0-cp38-cp38-manylinux_2_17_s390x.manylinux2014_s390x.whl", hash = "sha256:9fa600030013c4de8165339db93d182b9431076eb98eb40ee068700c9c813e34"},
    {file = "PyYAML-6.0-cp38-cp38-manylinux_2_5_x86_64.manylinux1_x86_64.manylinux_2_12_x86_64.manylinux2010_x86_64.whl", hash = "sha256:277a0ef2981ca40581a47093e9e2d13b3f1fbbeffae064c1d21bfceba2030287"},
    {file = "PyYAML-6.0-cp38-cp38-win32.whl", hash = "sha256:d4eccecf9adf6fbcc6861a38015c2a64f38b9d94838ac1810a9023a0609e1b78"},
    {file = "PyYAML-6.0-cp38-cp38-win_amd64.whl", hash = "sha256:1e4747bc279b4f613a09eb64bba2ba602d8a6664c6ce6396a4d0cd413a50ce07"},
    {file = "PyYAML-6.0-cp39-cp39-macosx_10_9_x86_64.whl", hash = "sha256:055d937d65826939cb044fc8c9b08889e8c743fdc6a32b33e2390f66013e449b"},
    {file = "PyYAML-6.0-cp39-cp39-macosx_11_0_arm64.whl", hash = "sha256:e61ceaab6f49fb8bdfaa0f92c4b57bcfbea54c09277b1b4f7ac376bfb7a7c174"},
    {file = "PyYAML-6.0-cp39-cp39-manylinux_2_17_aarch64.manylinux2014_aarch64.whl", hash = "sha256:d67d839ede4ed1b28a4e8909735fc992a923cdb84e618544973d7dfc71540803"},
    {file = "PyYAML-6.0-cp39-cp39-manylinux_2_17_s390x.manylinux2014_s390x.whl", hash = "sha256:cba8c411ef271aa037d7357a2bc8f9ee8b58b9965831d9e51baf703280dc73d3"},
    {file = "PyYAML-6.0-cp39-cp39-manylinux_2_5_x86_64.manylinux1_x86_64.manylinux_2_12_x86_64.manylinux2010_x86_64.whl", hash = "sha256:40527857252b61eacd1d9af500c3337ba8deb8fc298940291486c465c8b46ec0"},
    {file = "PyYAML-6.0-cp39-cp39-win32.whl", hash = "sha256:b5b9eccad747aabaaffbc6064800670f0c297e52c12754eb1d976c57e4f74dcb"},
    {file = "PyYAML-6.0-cp39-cp39-win_amd64.whl", hash = "sha256:b3d267842bf12586ba6c734f89d1f5b871df0273157918b0ccefa29deb05c21c"},
    {file = "PyYAML-6.0.tar.gz", hash = "sha256:68fb519c14306fec9720a2a5b45bc9f0c8d1b9c72adf45c37baedfcd949c35a2"},
]

[[package]]
name = "six"
version = "1.16.0"
description = "Python 2 and 3 compatibility utilities"
category = "main"
optional = false
python-versions = ">=2.7, !=3.0.*, !=3.1.*, !=3.2.*"
files = [
    {file = "six-1.16.0-py2.py3-none-any.whl", hash = "sha256:8abb2f1d86890a2dfb989f9a77cfcfd3e47c2a354b01111771326f8aa26e0254"},
    {file = "six-1.16.0.tar.gz", hash = "sha256:1e61c37477a1626458e36f7b1d82aa5c9b094fa4802892072e49de9c60c4c926"},
]

[[package]]
name = "win32-setctime"
version = "1.1.0"
description = "A small Python utility to set file creation time on Windows"
category = "main"
optional = false
python-versions = ">=3.5"
files = [
    {file = "win32_setctime-1.1.0-py3-none-any.whl", hash = "sha256:231db239e959c2fe7eb1d7dc129f11172354f98361c4fa2d6d2d7e278baa8aad"},
    {file = "win32_setctime-1.1.0.tar.gz", hash = "sha256:15cf5750465118d6929ae4de4eb46e8edae9a5634350c01ba582df868e932cb2"},
]

[package.extras]
dev = ["black (>=19.3b0)", "pytest (>=4.6.2)"]

[metadata]
lock-version = "2.0"
python-versions = "^3.11"
content-hash = "a8755209b77b839986695024ae77441c2b97607ef4d1a5a56398c92496390bb6"
